// !$*UTF8*$!
{
	archiveVersion = 1;
	classes = {
	};
	objectVersion = 46;
	objects = {

/* Begin PBXBuildFile section */
		5CC86DBC1945E6BA000015ED /* AppDelegate.swift in Sources */ = {isa = PBXBuildFile; fileRef = 5CC86DBB1945E6BA000015ED /* AppDelegate.swift */; };
		5CC86DBE1945E6BA000015ED /* ViewController.swift in Sources */ = {isa = PBXBuildFile; fileRef = 5CC86DBD1945E6BA000015ED /* ViewController.swift */; };
		5CC86DC11945E6BA000015ED /* Main.storyboard in Resources */ = {isa = PBXBuildFile; fileRef = 5CC86DBF1945E6BA000015ED /* Main.storyboard */; };
		5CC86DC31945E6BA000015ED /* Images.xcassets in Resources */ = {isa = PBXBuildFile; fileRef = 5CC86DC21945E6BA000015ED /* Images.xcassets */; };
		5CC86DCF1945E6BA000015ED /* KlickTimerTests.swift in Sources */ = {isa = PBXBuildFile; fileRef = 5CC86DCE1945E6BA000015ED /* KlickTimerTests.swift */; };
/* End PBXBuildFile section */

/* Begin PBXContainerItemProxy section */
		5CC86DC91945E6BA000015ED /* PBXContainerItemProxy */ = {
			isa = PBXContainerItemProxy;
			containerPortal = 5CC86DAE1945E6BA000015ED /* Project object */;
			proxyType = 1;
			remoteGlobalIDString = 5CC86DB51945E6BA000015ED;
			remoteInfo = KlickTimer;
		};
/* End PBXContainerItemProxy section */

/* Begin PBXFileReference section */
		5CC86DB61945E6BA000015ED /* KlickTimer.app */ = {isa = PBXFileReference; explicitFileType = wrapper.application; includeInIndex = 0; path = KlickTimer.app; sourceTree = BUILT_PRODUCTS_DIR; };
		5CC86DBA1945E6BA000015ED /* Info.plist */ = {isa = PBXFileReference; lastKnownFileType = text.plist.xml; path = Info.plist; sourceTree = "<group>"; };
		5CC86DBB1945E6BA000015ED /* AppDelegate.swift */ = {isa = PBXFileReference; lastKnownFileType = sourcecode.swift; path = AppDelegate.swift; sourceTree = "<group>"; };
		5CC86DBD1945E6BA000015ED /* ViewController.swift */ = {isa = PBXFileReference; lastKnownFileType = sourcecode.swift; path = ViewController.swift; sourceTree = "<group>"; };
		5CC86DC01945E6BA000015ED /* Base */ = {isa = PBXFileReference; lastKnownFileType = file.storyboard; name = Base; path = Base.lproj/Main.storyboard; sourceTree = "<group>"; };
		5CC86DC21945E6BA000015ED /* Images.xcassets */ = {isa = PBXFileReference; lastKnownFileType = folder.assetcatalog; path = Images.xcassets; sourceTree = "<group>"; };
		5CC86DC81945E6BA000015ED /* KlickTimerTests.xctest */ = {isa = PBXFileReference; explicitFileType = wrapper.cfbundle; includeInIndex = 0; path = KlickTimerTests.xctest; sourceTree = BUILT_PRODUCTS_DIR; };
		5CC86DCD1945E6BA000015ED /* Info.plist */ = {isa = PBXFileReference; lastKnownFileType = text.plist.xml; path = Info.plist; sourceTree = "<group>"; };
		5CC86DCE1945E6BA000015ED /* KlickTimerTests.swift */ = {isa = PBXFileReference; lastKnownFileType = sourcecode.swift; path = KlickTimerTests.swift; sourceTree = "<group>"; };
/* End PBXFileReference section */

/* Begin PBXFrameworksBuildPhase section */
		5CC86DB31945E6BA000015ED /* Frameworks */ = {
			isa = PBXFrameworksBuildPhase;
			buildActionMask = 2147483647;
			files = (
			);
			runOnlyForDeploymentPostprocessing = 0;
		};
		5CC86DC51945E6BA000015ED /* Frameworks */ = {
			isa = PBXFrameworksBuildPhase;
			buildActionMask = 2147483647;
			files = (
			);
			runOnlyForDeploymentPostprocessing = 0;
		};
/* End PBXFrameworksBuildPhase section */

/* Begin PBXGroup section */
		5CC86DAD1945E6BA000015ED = {
			isa = PBXGroup;
			children = (
				5CC86DB81945E6BA000015ED /* KlickTimer */,
				5CC86DCB1945E6BA000015ED /* KlickTimerTests */,
				5CC86DB71945E6BA000015ED /* Products */,
			);
			sourceTree = "<group>";
		};
		5CC86DB71945E6BA000015ED /* Products */ = {
			isa = PBXGroup;
			children = (
				5CC86DB61945E6BA000015ED /* KlickTimer.app */,
				5CC86DC81945E6BA000015ED /* KlickTimerTests.xctest */,
			);
			name = Products;
			sourceTree = "<group>";
		};
		5CC86DB81945E6BA000015ED /* KlickTimer */ = {
			isa = PBXGroup;
			children = (
				5CC86DBB1945E6BA000015ED /* AppDelegate.swift */,
				5CC86DBD1945E6BA000015ED /* ViewController.swift */,
				5CC86DBF1945E6BA000015ED /* Main.storyboard */,
				5CC86DC21945E6BA000015ED /* Images.xcassets */,
				5CC86DB91945E6BA000015ED /* Supporting Files */,
			);
			path = KlickTimer;
			sourceTree = "<group>";
		};
		5CC86DB91945E6BA000015ED /* Supporting Files */ = {
			isa = PBXGroup;
			children = (
				5CC86DBA1945E6BA000015ED /* Info.plist */,
			);
			name = "Supporting Files";
			sourceTree = "<group>";
		};
		5CC86DCB1945E6BA000015ED /* KlickTimerTests */ = {
			isa = PBXGroup;
			children = (
				5CC86DCE1945E6BA000015ED /* KlickTimerTests.swift */,
				5CC86DCC1945E6BA000015ED /* Supporting Files */,
			);
			path = KlickTimerTests;
			sourceTree = "<group>";
		};
		5CC86DCC1945E6BA000015ED /* Supporting Files */ = {
			isa = PBXGroup;
			children = (
				5CC86DCD1945E6BA000015ED /* Info.plist */,
			);
			name = "Supporting Files";
			sourceTree = "<group>";
		};
/* End PBXGroup section */

/* Begin PBXNativeTarget section */
		5CC86DB51945E6BA000015ED /* KlickTimer */ = {
			isa = PBXNativeTarget;
			buildConfigurationList = 5CC86DD21945E6BA000015ED /* Build configuration list for PBXNativeTarget "KlickTimer" */;
			buildPhases = (
				5CC86DB21945E6BA000015ED /* Sources */,
				5CC86DB31945E6BA000015ED /* Frameworks */,
				5CC86DB41945E6BA000015ED /* Resources */,
			);
			buildRules = (
			);
			dependencies = (
			);
			name = KlickTimer;
			productName = KlickTimer;
			productReference = 5CC86DB61945E6BA000015ED /* KlickTimer.app */;
			productType = "com.apple.product-type.application";
		};
		5CC86DC71945E6BA000015ED /* KlickTimerTests */ = {
			isa = PBXNativeTarget;
			buildConfigurationList = 5CC86DD51945E6BA000015ED /* Build configuration list for PBXNativeTarget "KlickTimerTests" */;
			buildPhases = (
				5CC86DC41945E6BA000015ED /* Sources */,
				5CC86DC51945E6BA000015ED /* Frameworks */,
				5CC86DC61945E6BA000015ED /* Resources */,
			);
			buildRules = (
			);
			dependencies = (
				5CC86DCA1945E6BA000015ED /* PBXTargetDependency */,
			);
			name = KlickTimerTests;
			productName = KlickTimerTests;
			productReference = 5CC86DC81945E6BA000015ED /* KlickTimerTests.xctest */;
			productType = "com.apple.product-type.bundle.unit-test";
		};
/* End PBXNativeTarget section */

/* Begin PBXProject section */
		5CC86DAE1945E6BA000015ED /* Project object */ = {
			isa = PBXProject;
			attributes = {
				LastUpgradeCheck = 0600;
				ORGANIZATIONNAME = "Klick Health";
				TargetAttributes = {
					5CC86DB51945E6BA000015ED = {
						CreatedOnToolsVersion = 6.0;
					};
					5CC86DC71945E6BA000015ED = {
						CreatedOnToolsVersion = 6.0;
						TestTargetID = 5CC86DB51945E6BA000015ED;
					};
				};
			};
			buildConfigurationList = 5CC86DB11945E6BA000015ED /* Build configuration list for PBXProject "KlickTimer" */;
			compatibilityVersion = "Xcode 3.2";
			developmentRegion = English;
			hasScannedForEncodings = 0;
			knownRegions = (
				en,
				Base,
			);
			mainGroup = 5CC86DAD1945E6BA000015ED;
			productRefGroup = 5CC86DB71945E6BA000015ED /* Products */;
			projectDirPath = "";
			projectRoot = "";
			targets = (
				5CC86DB51945E6BA000015ED /* KlickTimer */,
				5CC86DC71945E6BA000015ED /* KlickTimerTests */,
			);
		};
/* End PBXProject section */

/* Begin PBXResourcesBuildPhase section */
		5CC86DB41945E6BA000015ED /* Resources */ = {
			isa = PBXResourcesBuildPhase;
			buildActionMask = 2147483647;
			files = (
				5CC86DC11945E6BA000015ED /* Main.storyboard in Resources */,
				5CC86DC31945E6BA000015ED /* Images.xcassets in Resources */,
			);
			runOnlyForDeploymentPostprocessing = 0;
		};
		5CC86DC61945E6BA000015ED /* Resources */ = {
			isa = PBXResourcesBuildPhase;
			buildActionMask = 2147483647;
			files = (
			);
			runOnlyForDeploymentPostprocessing = 0;
		};
/* End PBXResourcesBuildPhase section */

/* Begin PBXSourcesBuildPhase section */
		5CC86DB21945E6BA000015ED /* Sources */ = {
			isa = PBXSourcesBuildPhase;
			buildActionMask = 2147483647;
			files = (
				5CC86DBE1945E6BA000015ED /* ViewController.swift in Sources */,
				5CC86DBC1945E6BA000015ED /* AppDelegate.swift in Sources */,
			);
			runOnlyForDeploymentPostprocessing = 0;
		};
		5CC86DC41945E6BA000015ED /* Sources */ = {
			isa = PBXSourcesBuildPhase;
			buildActionMask = 2147483647;
			files = (
				5CC86DCF1945E6BA000015ED /* KlickTimerTests.swift in Sources */,
			);
			runOnlyForDeploymentPostprocessing = 0;
		};
/* End PBXSourcesBuildPhase section */

/* Begin PBXTargetDependency section */
		5CC86DCA1945E6BA000015ED /* PBXTargetDependency */ = {
			isa = PBXTargetDependency;
			target = 5CC86DB51945E6BA000015ED /* KlickTimer */;
			targetProxy = 5CC86DC91945E6BA000015ED /* PBXContainerItemProxy */;
		};
/* End PBXTargetDependency section */

/* Begin PBXVariantGroup section */
		5CC86DBF1945E6BA000015ED /* Main.storyboard */ = {
			isa = PBXVariantGroup;
			children = (
				5CC86DC01945E6BA000015ED /* Base */,
			);
			name = Main.storyboard;
			sourceTree = "<group>";
		};
/* End PBXVariantGroup section */

/* Begin XCBuildConfiguration section */
		5CC86DD01945E6BA000015ED /* Debug */ = {
			isa = XCBuildConfiguration;
			buildSettings = {
				ALWAYS_SEARCH_USER_PATHS = NO;
				CLANG_CXX_LANGUAGE_STANDARD = "gnu++0x";
				CLANG_CXX_LIBRARY = "libc++";
				CLANG_ENABLE_MODULES = YES;
				CLANG_ENABLE_OBJC_ARC = YES;
				CLANG_WARN_BOOL_CONVERSION = YES;
				CLANG_WARN_CONSTANT_CONVERSION = YES;
				CLANG_WARN_DIRECT_OBJC_ISA_USAGE = YES_ERROR;
				CLANG_WARN_EMPTY_BODY = YES;
				CLANG_WARN_ENUM_CONVERSION = YES;
				CLANG_WARN_INT_CONVERSION = YES;
				CLANG_WARN_OBJC_ROOT_CLASS = YES_ERROR;
				CLANG_WARN_UNREACHABLE_CODE = YES;
				CLANG_WARN__DUPLICATE_METHOD_MATCH = YES;
				"CODE_SIGN_IDENTITY[sdk=iphoneos*]" = "iPhone Developer";
				COPY_PHASE_STRIP = NO;
				ENABLE_STRICT_OBJC_MSGSEND = YES;
				GCC_C_LANGUAGE_STANDARD = gnu99;
				GCC_DYNAMIC_NO_PIC = NO;
				GCC_OPTIMIZATION_LEVEL = 0;
				GCC_PREPROCESSOR_DEFINITIONS = (
					"DEBUG=1",
					"$(inherited)",
				);
				GCC_SYMBOLS_PRIVATE_EXTERN = NO;
				GCC_WARN_64_TO_32_BIT_CONVERSION = YES;
				GCC_WARN_ABOUT_RETURN_TYPE = YES_ERROR;
				GCC_WARN_UNDECLARED_SELECTOR = YES;
				GCC_WARN_UNINITIALIZED_AUTOS = YES_AGGRESSIVE;
				GCC_WARN_UNUSED_FUNCTION = YES;
				GCC_WARN_UNUSED_VARIABLE = YES;
				IPHONEOS_DEPLOYMENT_TARGET = 8.0;
				METAL_ENABLE_DEBUG_INFO = YES;
				ONLY_ACTIVE_ARCH = YES;
				SDKROOT = iphoneos;
				SWIFT_OPTIMIZATION_LEVEL = "-Onone";
			};
			name = Debug;
		};
		5CC86DD11945E6BA000015ED /* Release */ = {
			isa = XCBuildConfiguration;
			buildSettings = {
				ALWAYS_SEARCH_USER_PATHS = NO;
				CLANG_CXX_LANGUAGE_STANDARD = "gnu++0x";
				CLANG_CXX_LIBRARY = "libc++";
				CLANG_ENABLE_MODULES = YES;
				CLANG_ENABLE_OBJC_ARC = YES;
				CLANG_WARN_BOOL_CONVERSION = YES;
				CLANG_WARN_CONSTANT_CONVERSION = YES;
				CLANG_WARN_DIRECT_OBJC_ISA_USAGE = YES_ERROR;
				CLANG_WARN_EMPTY_BODY = YES;
				CLANG_WARN_ENUM_CONVERSION = YES;
				CLANG_WARN_INT_CONVERSION = YES;
				CLANG_WARN_OBJC_ROOT_CLASS = YES_ERROR;
				CLANG_WARN_UNREACHABLE_CODE = YES;
				CLANG_WARN__DUPLICATE_METHOD_MATCH = YES;
				"CODE_SIGN_IDENTITY[sdk=iphoneos*]" = "iPhone Developer";
				COPY_PHASE_STRIP = YES;
				ENABLE_NS_ASSERTIONS = NO;
				ENABLE_STRICT_OBJC_MSGSEND = YES;
				GCC_C_LANGUAGE_STANDARD = gnu99;
				GCC_WARN_64_TO_32_BIT_CONVERSION = YES;
				GCC_WARN_ABOUT_RETURN_TYPE = YES_ERROR;
				GCC_WARN_UNDECLARED_SELECTOR = YES;
				GCC_WARN_UNINITIALIZED_AUTOS = YES_AGGRESSIVE;
				GCC_WARN_UNUSED_FUNCTION = YES;
				GCC_WARN_UNUSED_VARIABLE = YES;
				IPHONEOS_DEPLOYMENT_TARGET = 8.0;
				METAL_ENABLE_DEBUG_INFO = NO;
				SDKROOT = iphoneos;
				VALIDATE_PRODUCT = YES;
			};
			name = Release;
		};
		5CC86DD31945E6BA000015ED /* Debug */ = {
			isa = XCBuildConfiguration;
			buildSettings = {
				ASSETCATALOG_COMPILER_APPICON_NAME = AppIcon;
				ASSETCATALOG_COMPILER_LAUNCHIMAGE_NAME = LaunchImage;
				INFOPLIST_FILE = KlickTimer/Info.plist;
				LD_RUNPATH_SEARCH_PATHS = "$(inherited) @executable_path/Frameworks";
				PRODUCT_NAME = "$(TARGET_NAME)";
			};
			name = Debug;
		};
		5CC86DD41945E6BA000015ED /* Release */ = {
			isa = XCBuildConfiguration;
			buildSettings = {
				ASSETCATALOG_COMPILER_APPICON_NAME = AppIcon;
				ASSETCATALOG_COMPILER_LAUNCHIMAGE_NAME = LaunchImage;
				INFOPLIST_FILE = KlickTimer/Info.plist;
				LD_RUNPATH_SEARCH_PATHS = "$(inherited) @executable_path/Frameworks";
				PRODUCT_NAME = "$(TARGET_NAME)";
			};
			name = Release;
		};
		5CC86DD61945E6BA000015ED /* Debug */ = {
			isa = XCBuildConfiguration;
			buildSettings = {
				BUNDLE_LOADER = "$(BUILT_PRODUCTS_DIR)/KlickTimer.app/KlickTimer";
				FRAMEWORK_SEARCH_PATHS = (
					"$(SDKROOT)/Developer/Library/Frameworks",
					"$(inherited)",
				);
				GCC_PREPROCESSOR_DEFINITIONS = (
					"DEBUG=1",
					"$(inherited)",
				);
				INFOPLIST_FILE = KlickTimerTests/Info.plist;
				LD_RUNPATH_SEARCH_PATHS = "$(inherited) @executable_path/Frameworks @loader_path/Frameworks";
				METAL_ENABLE_DEBUG_INFO = YES;
				PRODUCT_NAME = "$(TARGET_NAME)";
				TEST_HOST = "$(BUNDLE_LOADER)";
			};
			name = Debug;
		};
		5CC86DD71945E6BA000015ED /* Release */ = {
			isa = XCBuildConfiguration;
			buildSettings = {
				BUNDLE_LOADER = "$(BUILT_PRODUCTS_DIR)/KlickTimer.app/KlickTimer";
				FRAMEWORK_SEARCH_PATHS = (
					"$(SDKROOT)/Developer/Library/Frameworks",
					"$(inherited)",
				);
				INFOPLIST_FILE = KlickTimerTests/Info.plist;
				LD_RUNPATH_SEARCH_PATHS = "$(inherited) @executable_path/Frameworks @loader_path/Frameworks";
				METAL_ENABLE_DEBUG_INFO = NO;
				PRODUCT_NAME = "$(TARGET_NAME)";
				TEST_HOST = "$(BUNDLE_LOADER)";
			};
			name = Release;
		};
/* End XCBuildConfiguration section */

/* Begin XCConfigurationList section */
		5CC86DB11945E6BA000015ED /* Build configuration list for PBXProject "KlickTimer" */ = {
			isa = XCConfigurationList;
			buildConfigurations = (
				5CC86DD01945E6BA000015ED /* Debug */,
				5CC86DD11945E6BA000015ED /* Release */,
			);
			defaultConfigurationIsVisible = 0;
			defaultConfigurationName = Release;
		};
		5CC86DD21945E6BA000015ED /* Build configuration list for PBXNativeTarget "KlickTimer" */ = {
			isa = XCConfigurationList;
			buildConfigurations = (
				5CC86DD31945E6BA000015ED /* Debug */,
				5CC86DD41945E6BA000015ED /* Release */,
			);
			defaultConfigurationIsVisible = 0;
		};
		5CC86DD51945E6BA000015ED /* Build configuration list for PBXNativeTarget "KlickTimerTests" */ = {
			isa = XCConfigurationList;
			buildConfigurations = (
				5CC86DD61945E6BA000015ED /* Debug */,
				5CC86DD71945E6BA000015ED /* Release */,
			);
			defaultConfigurationIsVisible = 0;
		};
/* End XCConfigurationList section */
	};
	rootObject = 5CC86DAE1945E6BA000015ED /* Project object */;
}
